<?xml version="1.0" encoding="utf-8"?>
<Project ToolsVersion="4.0" xmlns="http://schemas.microsoft.com/developer/msbuild/2003">
  <ItemGroup>
    <Filter Include="Quellcodedateien">
      <UniqueIdentifier>{8b0207f9-a395-40d9-8648-06d00b5f7d88}</UniqueIdentifier>
      <Extensions>cpp;c;cxx;rc;def;r;odl;idl;hpj;bat</Extensions>
    </Filter>
    <Filter Include="Header-Dateien">
      <UniqueIdentifier>{673ff376-c1b6-4357-8947-ae81f8805ccd}</UniqueIdentifier>
      <Extensions>h;hpp;hxx;hm;inl</Extensions>
    </Filter>
  </ItemGroup>
  <ItemGroup>
    <ClCompile Include="..\src\arith.c">
      <Filter>Quellcodedateien</Filter>
    </ClCompile>
    <ClCompile Include="..\src\common.c">
      <Filter>Quellcodedateien</Filter>
    </ClCompile>
    <ClCompile Include="..\src\inout.c">
      <Filter>Quellcodedateien</Filter>
    </ClCompile>
    <ClCompile Include="..\src\log.c">
      <Filter>Quellcodedateien</Filter>
    </ClCompile>
  </ItemGroup>
</Project>