<?xml version="1.0" encoding="utf-8"?>
<Project ToolsVersion="4.0" xmlns="http://schemas.microsoft.com/developer/msbuild/2003">
  <ItemGroup>
    <Filter Include="Quellcodedateien">
      <UniqueIdentifier>{a00c4008-de62-491f-be8e-6538b948ccfd}</UniqueIdentifier>
      <Extensions>cpp;c;cxx;rc;def;r;odl;idl;hpj;bat</Extensions>
    </Filter>
    <Filter Include="Header-Dateien">
      <UniqueIdentifier>{cfdd3a41-4aad-4468-b6ae-f0187fb72823}</UniqueIdentifier>
      <Extensions>h;hpp;hxx;hm;inl</Extensions>
    </Filter>
    <Filter Include="Ressourcendateien">
      <UniqueIdentifier>{019eec9f-928a-4cb5-a91d-7541c6041980}</UniqueIdentifier>
      <Extensions>ico;cur;bmp;dlg;rc2;rct;bin;rgs;gif;jpg;jpeg;jpe</Extensions>
    </Filter>
  </ItemGroup>
  <ItemGroup>
    <ClCompile Include="..\src\valid.c">
      <Filter>Quellcodedateien</Filter>
    </ClCompile>
  </ItemGroup>
</Project>