<?xml version="1.0" encoding="utf-8"?>
<Project ToolsVersion="4.0" xmlns="http://schemas.microsoft.com/developer/msbuild/2003">
  <ItemGroup>
    <Filter Include="Quellcodedateien">
      <UniqueIdentifier>{7c2ecd3c-4ba6-46a1-93af-30799f06ee86}</UniqueIdentifier>
      <Extensions>cpp;c;cxx;rc;def;r;odl;idl;hpj;bat</Extensions>
    </Filter>
    <Filter Include="Header-Dateien">
      <UniqueIdentifier>{54eec063-0b23-4bf2-8d98-4e0ba9de9977}</UniqueIdentifier>
      <Extensions>h;hpp;hxx;hm;inl</Extensions>
    </Filter>
    <Filter Include="Ressourcendateien">
      <UniqueIdentifier>{0ba3f37b-4381-4d3d-aa35-7d58815b07b2}</UniqueIdentifier>
      <Extensions>ico;cur;bmp;dlg;rc2;rct;bin;rgs;gif;jpg;jpeg;jpe</Extensions>
    </Filter>
  </ItemGroup>
  <ItemGroup>
    <ClCompile Include="..\src\four_mot.c">
      <Filter>Quellcodedateien</Filter>
    </ClCompile>
    <ClCompile Include="..\src\largecalc.c">
      <Filter>Quellcodedateien</Filter>
    </ClCompile>
    <ClCompile Include="..\src\mp.c">
      <Filter>Quellcodedateien</Filter>
    </ClCompile>
    <ClCompile Include="..\src\porta.c">
      <Filter>Quellcodedateien</Filter>
    </ClCompile>
    <ClCompile Include="..\src\portsort.c">
      <Filter>Quellcodedateien</Filter>
    </ClCompile>
  </ItemGroup>
</Project>